
Microsoft Visual Studio Solution File, Format Version 12.00
# Visual Studio 2015
Project("{FAE04EC0-301F-11D3-BF4B-00C04F79EFBC}") = "SmartCityProject", "SmartCityProject.csproj", "{460710AA-4DD1-3F1C-D395-08E1A9B17416}"
EndProject
Global
	GlobalSection(SolutionConfigurationPlatforms) = preSolution
		Debug|Any CPU = Debug|Any CPU
		Release|Any CPU = Release|Any CPU
	EndGlobalSection
	GlobalSection(ProjectConfigurationPlatforms) = postSolution
		{460710AA-4DD1-3F1C-D395-08E1A9B17416}.Debug|Any CPU.ActiveCfg = Debug|Any CPU
		{460710AA-4DD1-3F1C-D395-08E1A9B17416}.Debug|Any CPU.Build.0 = Debug|Any CPU
		{460710AA-4DD1-3F1C-D395-08E1A9B17416}.Release|Any CPU.ActiveCfg = Release|Any CPU
		{460710AA-4DD1-3F1C-D395-08E1A9B17416}.Release|Any CPU.Build.0 = Release|Any CPU
	EndGlobalSection
	GlobalSection(SolutionProperties) = preSolution
		HideSolutionNode = FALSE
	EndGlobalSection
EndGlobal
