
Microsoft Visual Studio Solution File, Format Version 12.00
# Visual Studio 2015
Project("{FAE04EC0-301F-11D3-BF4B-00C04F79EFBC}") = "SmartCity", "SmartCity.csproj", "{70EA48C0-7EC0-9CA6-BF26-808823800BB7}"
EndProject
Global
	GlobalSection(SolutionConfigurationPlatforms) = preSolution
		Debug|Any CPU = Debug|Any CPU
		Release|Any CPU = Release|Any CPU
	EndGlobalSection
	GlobalSection(ProjectConfigurationPlatforms) = postSolution
		{70EA48C0-7EC0-9CA6-BF26-808823800BB7}.Debug|Any CPU.ActiveCfg = Debug|Any CPU
		{70EA48C0-7EC0-9CA6-BF26-808823800BB7}.Debug|Any CPU.Build.0 = Debug|Any CPU
		{70EA48C0-7EC0-9CA6-BF26-808823800BB7}.Release|Any CPU.ActiveCfg = Release|Any CPU
		{70EA48C0-7EC0-9CA6-BF26-808823800BB7}.Release|Any CPU.Build.0 = Release|Any CPU
	EndGlobalSection
	GlobalSection(SolutionProperties) = preSolution
		HideSolutionNode = FALSE
	EndGlobalSection
EndGlobal
